{
  "version": 1,
  "dependencies": {
    "net10.0": {
      "coverlet.collector": {
        "type": "Direct",
        "requested": "[6.0.4, )",
        "resolved": "6.0.4",
        "contentHash": "lkhqpF8Pu2Y7IiN7OntbsTtdbpR1syMsm2F3IgX6ootA4ffRqWL5jF7XipHuZQTdVuWG/gVAAcf8mjk8Tz0xPg=="
      },
      "FluentAssertions": {
        "type": "Direct",
        "requested": "[8.0.0, )",
        "resolved": "8.0.0",
        "contentHash": "qVCJIpukyFb9TO9W3vC4/sQF8lfrQksJbo4071uk3YfmHyKKlCZTTpyYhmCnnTZ2LVfFP1JgxM652nolCFjZDw=="
      },
      "FluentValidation": {
        "type": "Direct",
        "requested": "[12.1.1, )",
        "resolved": "12.1.1",
        "contentHash": "EPpkIe1yh1a0OXyC100oOA8WMbZvqUu5plwhvYcb7oSELfyUZzfxV48BLhvs3kKo4NwG7MGLNgy1RJiYtT8Dpw=="
      },
      "Microsoft.EntityFrameworkCore.InMemory": {
        "type": "Direct",
        "requested": "[10.0.8, )",
        "resolved": "10.0.8",
        "contentHash": "C3T9khx1oiLPrS6ehoSnZptiEuTOIaX60it9SGvCkWTeF5i6+IceK6p7mtx+mkFwWB5qx+v3IhgG51iUEtLq9w==",
        "dependencies": {
          "Microsoft.EntityFrameworkCore": "10.0.8"
        }
      },
      "Microsoft.NET.Test.Sdk": {
        "type": "Direct",
        "requested": "[17.14.0-preview-25107-01, )",
        "resolved": "17.14.0-preview-25107-01",
        "contentHash": "dpmjR7hyR7zuu+l5CUzAT7lsZy66L3UzxpvqZ/ZHmuwP0cBnYr4/qHzc8g7a10dVq1EEfXHV79PMnMbz6Gn4zA==",
        "dependencies": {
          "Microsoft.CodeCoverage": "17.14.0-preview-25107-01",
          "Microsoft.TestPlatform.TestHost": "17.14.0-preview-25107-01"
        }
      },
      "Moq": {
        "type": "Direct",
        "requested": "[4.20.72, )",
        "resolved": "4.20.72",
        "contentHash": "EA55cjyNn8eTNWrgrdZJH5QLFp2L43oxl1tlkoYUKIE9pRwL784OWiTXeCV5ApS+AMYEAlt7Fo03A2XfouvHmQ==",
        "dependencies": {
          "Castle.Core": "5.1.1"
        }
      },
      "xunit": {
        "type": "Direct",
        "requested": "[2.9.3, )",
        "resolved": "2.9.3",
        "contentHash": "TlXQBinK35LpOPKHAqbLY4xlEen9TBafjs0V5KnA4wZsoQLQJiirCR4CbIXvOH8NzkW4YeJKP5P/Bnrodm0h9Q==",
        "dependencies": {
          "xunit.analyzers": "1.18.0",
          "xunit.assert": "2.9.3",
          "xunit.core": "[2.9.3]"
        }
      },
      "xunit.runner.visualstudio": {
        "type": "Direct",
        "requested": "[3.0.1, )",
        "resolved": "3.0.1",
        "contentHash": "lbyYtsBxA8Pz8kaf5Xn/Mj1mL9z2nlBWdZhqFaj66nxXBa4JwiTDm4eGcpSMet6du9TOWI6bfha+gQR6+IHawg=="
      },
      "Castle.Core": {
        "type": "Transitive",
        "resolved": "5.1.1",
        "contentHash": "rpYtIczkzGpf+EkZgDr9CClTdemhsrwA/W5hMoPjLkRFnXzH44zDLoovXeKtmxb1ykXK9aJVODSpiJml8CTw2g=="
      },
      "ClosedXML": {
        "type": "Transitive",
        "resolved": "0.105.0",
        "contentHash": "U0hAdnYyPvF7TqHMFloxrS7pmozab79tFFF4c/bgPtqeelUs7ILpUd3r3c7C0a/DXsUZb3k1n4Pf7Q2LMyMQOg==",
        "dependencies": {
          "ClosedXML.Parser": "2.0.0",
          "DocumentFormat.OpenXml": "[3.1.1, 4.0.0)",
          "ExcelNumberFormat": "1.1.0",
          "RBush.Signed": "4.0.0",
          "SixLabors.Fonts": "1.0.0"
        }
      },
      "ClosedXML.Parser": {
        "type": "Transitive",
        "resolved": "2.0.0",
        "contentHash": "ngTqjYreDYNytG1W5d3ewHsw0ukmmrgV7EKnS4/40rXoYZGt07jrBvo+N+GxT49rcageUMUiprV0jYT4nwVBHQ=="
      },
      "DocumentFormat.OpenXml": {
        "type": "Transitive",
        "resolved": "3.1.1",
        "contentHash": "2z9QBzeTLNNKWM9SaOSDMegfQk/7hDuElOsmF77pKZMkFRP/GHA/W/4yOAQD9kn15N/FsFxHn3QVYkatuZghiA==",
        "dependencies": {
          "DocumentFormat.OpenXml.Framework": "3.1.1"
        }
      },
      "DocumentFormat.OpenXml.Framework": {
        "type": "Transitive",
        "resolved": "3.1.1",
        "contentHash": "6APEp/ElZV58S/4v8mf4Ke3ONEDORs64MqdD64Z7wWpcHANB9oovQsGIwtqjnKihulOj7T0a6IxHIHOfMqKOng==",
        "dependencies": {
          "System.IO.Packaging": "8.0.1"
        }
      },
      "ExcelNumberFormat": {
        "type": "Transitive",
        "resolved": "1.1.0",
        "contentHash": "R3BVHPs9O+RkExbZYTGT0+9HLbi8ZrNij1Yziyw6znd3J7P3uoIR07uwTLGOogtz1p6+0sna66eBoXu7tBiVQA=="
      },
      "FluentValidation.AspNetCore": {
        "type": "Transitive",
        "resolved": "11.3.1",
        "contentHash": "FjkfrGGwC+25oH8QpX1ti3gxkFjDDtotkAQWyQz2CkwQwEfRKTANjhh77I79kY8dov2ydK1SY+e4jiOWsbbDdQ==",
        "dependencies": {
          "FluentValidation": "11.11.0",
          "FluentValidation.DependencyInjectionExtensions": "11.11.0"
        }
      },
      "FluentValidation.DependencyInjectionExtensions": {
        "type": "Transitive",
        "resolved": "11.11.0",
        "contentHash": "viTKWaMbL3yJYgGI0DiCeavNbE9UPMWFVK2XS9nYXGbm3NDMd0/L5ER4wBzmTtW3BYh3SrlSXm9RACiKZ6stlA==",
        "dependencies": {
          "FluentValidation": "11.11.0"
        }
      },
      "Microsoft.AspNetCore.Authentication.JwtBearer": {
        "type": "Transitive",
        "resolved": "10.0.8",
        "contentHash": "oGnE+X/SN6jdqao9WOkOIfyZ5+a0AtluJWy1Mxndq+kcWG6sx5k6l6tucu8/wJ7o9fHfLgVCzm/c4v/KVgVk6w==",
        "dependencies": {
          "Microsoft.IdentityModel.Protocols.OpenIdConnect": "8.0.1"
        }
      },
      "Microsoft.AspNetCore.OpenApi": {
        "type": "Transitive",
        "resolved": "10.0.5",
        "contentHash": "vTcxIfOPyfFbYk1g8YcXJfkMnlEWVkSnnjxcZLy60zgwiHMRf2SnZR+9E4HlpwKxgE3yfKMOti8J6WfKuKsw6w==",
        "dependencies": {
          "Microsoft.OpenApi": "2.0.0"
        }
      },
      "Microsoft.CodeCoverage": {
        "type": "Transitive",
        "resolved": "17.14.0-preview-25107-01",
        "contentHash": "UREiMyOL9JUnsgy8D3+rn5Q5Q8aWUQUaHj0g3KZ1H/cbBP+hJLlOLpnqRWqQjqMbzt+NnxUyEcjP9uTGAohW/g=="
      },
      "Microsoft.EntityFrameworkCore": {
        "type": "Transitive",
        "resolved": "10.0.8",
        "contentHash": "EJx+fIBMgBlgD+ublKCn+GTOJkw3UqV7xOjYWBRVdUYyIm8UfvAsmSOPFiIInsWTHyMEYUJ9gCJY1jwX+6UB7w==",
        "dependencies": {
          "Microsoft.EntityFrameworkCore.Abstractions": "10.0.8",
          "Microsoft.EntityFrameworkCore.Analyzers": "10.0.8"
        }
      },
      "Microsoft.EntityFrameworkCore.Abstractions": {
        "type": "Transitive",
        "resolved": "10.0.8",
        "contentHash": "jbKDXWPZQhuPHygMnwzNOqxBADVcpRVytcKYZsA++QqhPkpF93Ta8o5mbJQGrARSjlkr9WtOaADV97EDMOZ7DA=="
      },
      "Microsoft.EntityFrameworkCore.Analyzers": {
        "type": "Transitive",
        "resolved": "10.0.8",
        "contentHash": "M3BZ8JH8rB6BE7dO2g9iVbrHLnEz9wMXT6q+tDR6Nq3gyP3KmBj5OTiZGxyF3vesjOQNKanYoPGSNBR4kR2llg=="
      },
      "Microsoft.EntityFrameworkCore.Relational": {
        "type": "Transitive",
        "resolved": "10.0.8",
        "contentHash": "UU3diAD2wwZveye2rnrwaF/wvJ9tm5iL2fuY9TTap6/iGQK1OO29M1BzXZRlRPVH/dByt5w/pISBSFtyR7hTqw==",
        "dependencies": {
          "Microsoft.EntityFrameworkCore": "10.0.8"
        }
      },
      "Microsoft.IdentityModel.Abstractions": {
        "type": "Transitive",
        "resolved": "8.0.1",
        "contentHash": "OtlIWcyX01olfdevPKZdIPfBEvbcioDyBiE/Z2lHsopsMD7twcKtlN9kMevHmI5IIPhFpfwCIiR6qHQz1WHUIw=="
      },
      "Microsoft.IdentityModel.JsonWebTokens": {
        "type": "Transitive",
        "resolved": "8.0.1",
        "contentHash": "s6++gF9x0rQApQzOBbSyp4jUaAlwm+DroKfL8gdOHxs83k8SJfUXhuc46rDB3rNXBQ1MVRxqKUrqFhO/M0E97g==",
        "dependencies": {
          "Microsoft.IdentityModel.Tokens": "8.0.1"
        }
      },
      "Microsoft.IdentityModel.Logging": {
        "type": "Transitive",
        "resolved": "8.0.1",
        "contentHash": "UCPF2exZqBXe7v/6sGNiM6zCQOUXXQ9+v5VTb9gPB8ZSUPnX53BxlN78v2jsbIvK9Dq4GovQxo23x8JgWvm/Qg==",
        "dependencies": {
          "Microsoft.IdentityModel.Abstractions": "8.0.1"
        }
      },
      "Microsoft.IdentityModel.Protocols": {
        "type": "Transitive",
        "resolved": "8.0.1",
        "contentHash": "uA2vpKqU3I2mBBEaeJAWPTjT9v1TZrGWKdgK6G5qJd03CLx83kdiqO9cmiK8/n1erkHzFBwU/RphP83aAe3i3g==",
        "dependencies": {
          "Microsoft.IdentityModel.Tokens": "8.0.1"
        }
      },
      "Microsoft.IdentityModel.Protocols.OpenIdConnect": {
        "type": "Transitive",
        "resolved": "8.0.1",
        "contentHash": "AQDbfpL+yzuuGhO/mQhKNsp44pm5Jv8/BI4KiFXR7beVGZoSH35zMV3PrmcfvSTsyI6qrcR898NzUauD6SRigg==",
        "dependencies": {
          "Microsoft.IdentityModel.Protocols": "8.0.1",
          "System.IdentityModel.Tokens.Jwt": "8.0.1"
        }
      },
      "Microsoft.IdentityModel.Tokens": {
        "type": "Transitive",
        "resolved": "8.0.1",
        "contentHash": "kDimB6Dkd3nkW2oZPDkMkVHfQt3IDqO5gL0oa8WVy3OP4uE8Ij+8TXnqg9TOd9ufjsY3IDiGz7pCUbnfL18tjg==",
        "dependencies": {
          "Microsoft.IdentityModel.Logging": "8.0.1"
        }
      },
      "Microsoft.OpenApi": {
        "type": "Transitive",
        "resolved": "2.7.5",
        "contentHash": "0FA67RSnRM4tcBKqiqVu/HPdZ9+QOKbmeRjxRUGTCjPU4C0bmUhd97Dso7Yild5P7nOV6GxJ2xrK0Kv/O9xp0w=="
      },
      "Microsoft.TestPlatform.ObjectModel": {
        "type": "Transitive",
        "resolved": "17.14.0-preview-25107-01",
        "contentHash": "aY8Esn7z6sQcjU5MU3TTM9VWVWx6X7lXtGS6AnBUIlX25qOJokS3+EeOI7TRkK91V8JpezG/HLvKHhwWHtw4cA=="
      },
      "Microsoft.TestPlatform.TestHost": {
        "type": "Transitive",
        "resolved": "17.14.0-preview-25107-01",
        "contentHash": "lxWsaVhwvgyymWyWD/84+cVv248cHlWxP33g6zrIFufr1XZkTiEr48cdWNB/TRXzR+CfXBoIxcePDVacUbw/nQ==",
        "dependencies": {
          "Microsoft.TestPlatform.ObjectModel": "17.14.0-preview-25107-01",
          "Newtonsoft.Json": "13.0.3"
        }
      },
      "Newtonsoft.Json": {
        "type": "Transitive",
        "resolved": "13.0.3",
        "contentHash": "HrC5BXdl00IP9zeV+0Z848QWPAoCr9P3bDEZguI+gkLcBKAOxix/tLEAAHC+UvDNPv4a2d18lOReHMOagPa+zQ=="
      },
      "Npgsql": {
        "type": "Transitive",
        "resolved": "10.0.2",
        "contentHash": "q5RfBI+wywJSFUNDE1L4ZbHEHCFTblo8Uf6A6oe4feOUFYiUQXyAf9GBh5qEZpvJaHiEbpBPkQumjEhXCJxdrg=="
      },
      "Npgsql.EntityFrameworkCore.PostgreSQL": {
        "type": "Transitive",
        "resolved": "10.0.1",
        "contentHash": "P6EwH0Q4xkaA264iNZDqCPhWt8pscfUGxXazDQg4noBfqjoOlk4hKWfvBjF9ZX3R/9JybRmmJfmxr2iBMj0EpA==",
        "dependencies": {
          "Microsoft.EntityFrameworkCore": "[10.0.4, 11.0.0)",
          "Microsoft.EntityFrameworkCore.Relational": "[10.0.4, 11.0.0)",
          "Npgsql": "10.0.2"
        }
      },
      "RBush.Signed": {
        "type": "Transitive",
        "resolved": "4.0.0",
        "contentHash": "aP5KQxL5RnFNGW1f0euYVBfCatkLw5iEzMRJcXKq8LWWP4Cp3+qoSq1tDDL2vvJ2rM0ychmVMa2VaEKLS6uX4w=="
      },
      "Scalar.AspNetCore": {
        "type": "Transitive",
        "resolved": "2.14.14",
        "contentHash": "xNa3MadDudKk7y+0gQPBQihVL+JxGP3KNZHB4Zl2W42ATFIffHHHBjsuyKJ4YPUnnA7NUiHR/diqV/FTZC9dkg=="
      },
      "SixLabors.Fonts": {
        "type": "Transitive",
        "resolved": "1.0.0",
        "contentHash": "LFQsCZlV0xlUyXAOMUo5kkSl+8zAQXXbbdwWchtk0B4o7zotZhQsQOcJUELGHdfPfm/xDAsz6hONAuV25bJaAg=="
      },
      "System.IdentityModel.Tokens.Jwt": {
        "type": "Transitive",
        "resolved": "8.0.1",
        "contentHash": "GJw3bYkWpOgvN3tJo5X4lYUeIFA2HD293FPUhKmp7qxS+g5ywAb34Dnd3cDAFLkcMohy5XTpoaZ4uAHuw0uSPQ==",
        "dependencies": {
          "Microsoft.IdentityModel.JsonWebTokens": "8.0.1",
          "Microsoft.IdentityModel.Tokens": "8.0.1"
        }
      },
      "System.IO.Packaging": {
        "type": "Transitive",
        "resolved": "8.0.1",
        "contentHash": "KYkIOAvPexQOLDxPO2g0BVoWInnQhPpkFzRqvNrNrMhVT6kqhVr0zEb6KCHlptLFukxnZrjuMVAnxK7pOGUYrw=="
      },
      "xunit.abstractions": {
        "type": "Transitive",
        "resolved": "2.0.3",
        "contentHash": "pot1I4YOxlWjIb5jmwvvQNbTrZ3lJQ+jUGkGjWE3hEFM0l5gOnBWS+H3qsex68s5cO52g+44vpGzhAt+42vwKg=="
      },
      "xunit.analyzers": {
        "type": "Transitive",
        "resolved": "1.18.0",
        "contentHash": "OtFMHN8yqIcYP9wcVIgJrq01AfTxijjAqVDy/WeQVSyrDC1RzBWeQPztL49DN2syXRah8TYnfvk035s7L95EZQ=="
      },
      "xunit.assert": {
        "type": "Transitive",
        "resolved": "2.9.3",
        "contentHash": "/Kq28fCE7MjOV42YLVRAJzRF0WmEqsmflm0cfpMjGtzQ2lR5mYVj1/i0Y8uDAOLczkL3/jArrwehfMD0YogMAA=="
      },
      "xunit.core": {
        "type": "Transitive",
        "resolved": "2.9.3",
        "contentHash": "BiAEvqGvyme19wE0wTKdADH+NloYqikiU0mcnmiNyXaF9HyHmE6sr/3DC5vnBkgsWaE6yPyWszKSPSApWdRVeQ==",
        "dependencies": {
          "xunit.extensibility.core": "[2.9.3]",
          "xunit.extensibility.execution": "[2.9.3]"
        }
      },
      "xunit.extensibility.core": {
        "type": "Transitive",
        "resolved": "2.9.3",
        "contentHash": "kf3si0YTn2a8J8eZNb+zFpwfoyvIrQ7ivNk5ZYA5yuYk1bEtMe4DxJ2CF/qsRgmEnDr7MnW1mxylBaHTZ4qErA==",
        "dependencies": {
          "xunit.abstractions": "2.0.3"
        }
      },
      "xunit.extensibility.execution": {
        "type": "Transitive",
        "resolved": "2.9.3",
        "contentHash": "yMb6vMESlSrE3Wfj7V6cjQ3S4TXdXpRqYeNEI3zsX31uTsGMJjEw6oD5F5u1cHnMptjhEECnmZSsPxB6ChZHDQ==",
        "dependencies": {
          "xunit.extensibility.core": "[2.9.3]"
        }
      },
      "auditnode.api": {
        "type": "Project",
        "dependencies": {
          "AuditNode.Application": "[1.0.0, )",
          "AuditNode.Infrastructure": "[1.0.0, )",
          "ClosedXML": "[0.105.0, )",
          "FluentValidation.AspNetCore": "[11.3.1, )",
          "Microsoft.AspNetCore.Authentication.JwtBearer": "[10.0.8, )",
          "Microsoft.AspNetCore.OpenApi": "[10.0.5, )",
          "Microsoft.EntityFrameworkCore": "[10.0.8, )",
          "Microsoft.EntityFrameworkCore.Relational": "[10.0.8, )",
          "Microsoft.OpenApi": "[2.7.5, )",
          "Scalar.AspNetCore": "[2.14.14, )"
        }
      },
      "auditnode.application": {
        "type": "Project",
        "dependencies": {
          "AuditNode.Domain": "[1.0.0, )",
          "ClosedXML": "[0.105.0, )",
          "FluentValidation": "[12.1.1, )"
        }
      },
      "auditnode.domain": {
        "type": "Project"
      },
      "auditnode.infrastructure": {
        "type": "Project",
        "dependencies": {
          "AuditNode.Application": "[1.0.0, )",
          "AuditNode.Domain": "[1.0.0, )",
          "ClosedXML": "[0.105.0, )",
          "Npgsql.EntityFrameworkCore.PostgreSQL": "[10.0.1, )"
        }
      }
    }
  }
}